
Microsoft Visual Studio Solution File, Format Version 12.00
# Visual Studio 2013
VisualStudioVersion = 12.0.30110.0
MinimumVisualStudioVersion = 10.0.40219.1
Project("{FAE04EC0-301F-11D3-BF4B-00C04F79EFBC}") = "CommandProcessor", "CommandProcessor\CommandProcessor.csproj", "{A87013F1-ED77-46D4-B72B-8CCF0000516C}"
EndProject
Project("{930C7802-8A8C-48F9-8165-68863BCCD9DD}") = "Deploy", "Deploy\Deploy.wixproj", "{F1CD5C97-0F90-4559-8C43-F95530FBE6EA}"
EndProject
Project("{FAE04EC0-301F-11D3-BF4B-00C04F79EFBC}") = "CommandProcessor.Buffer.UnitTests", "CommandProcessor.Buffer.UnitTests\CommandProcessor.Buffer.UnitTests.csproj", "{0E413F53-9350-408F-BB88-3FEEB5C11EB0}"
	ProjectSection(ProjectDependencies) = postProject
		{A87013F1-ED77-46D4-B72B-8CCF0000516C} = {A87013F1-ED77-46D4-B72B-8CCF0000516C}
	EndProjectSection
EndProject
Project("{2150E333-8FDC-42A3-9474-1A3956D46DE8}") = "Solution Items", "Solution Items", "{23548A16-C547-4D1D-A4B2-A59E2B45E25D}"
	ProjectSection(SolutionItems) = preProject
		CommandProcessor.1.0.0.nupkg = CommandProcessor.1.0.0.nupkg
		Deploy.bat = Deploy.bat
	EndProjectSection
EndProject
Global
	GlobalSection(SolutionConfigurationPlatforms) = preSolution
		Debug|Any CPU = Debug|Any CPU
		Debug|Mixed Platforms = Debug|Mixed Platforms
		Debug|x86 = Debug|x86
		Release|Any CPU = Release|Any CPU
		Release|Mixed Platforms = Release|Mixed Platforms
		Release|x86 = Release|x86
	EndGlobalSection
	GlobalSection(ProjectConfigurationPlatforms) = postSolution
		{A87013F1-ED77-46D4-B72B-8CCF0000516C}.Debug|Any CPU.ActiveCfg = Debug|Any CPU
		{A87013F1-ED77-46D4-B72B-8CCF0000516C}.Debug|Any CPU.Build.0 = Debug|Any CPU
		{A87013F1-ED77-46D4-B72B-8CCF0000516C}.Debug|Mixed Platforms.ActiveCfg = Debug|Any CPU
		{A87013F1-ED77-46D4-B72B-8CCF0000516C}.Debug|Mixed Platforms.Build.0 = Debug|Any CPU
		{A87013F1-ED77-46D4-B72B-8CCF0000516C}.Debug|x86.ActiveCfg = Debug|Any CPU
		{A87013F1-ED77-46D4-B72B-8CCF0000516C}.Release|Any CPU.ActiveCfg = Release|Any CPU
		{A87013F1-ED77-46D4-B72B-8CCF0000516C}.Release|Any CPU.Build.0 = Release|Any CPU
		{A87013F1-ED77-46D4-B72B-8CCF0000516C}.Release|Mixed Platforms.ActiveCfg = Release|Any CPU
		{A87013F1-ED77-46D4-B72B-8CCF0000516C}.Release|Mixed Platforms.Build.0 = Release|Any CPU
		{A87013F1-ED77-46D4-B72B-8CCF0000516C}.Release|x86.ActiveCfg = Release|Any CPU
		{F1CD5C97-0F90-4559-8C43-F95530FBE6EA}.Debug|Any CPU.ActiveCfg = Debug|x86
		{F1CD5C97-0F90-4559-8C43-F95530FBE6EA}.Debug|Mixed Platforms.ActiveCfg = Debug|x86
		{F1CD5C97-0F90-4559-8C43-F95530FBE6EA}.Debug|Mixed Platforms.Build.0 = Debug|x86
		{F1CD5C97-0F90-4559-8C43-F95530FBE6EA}.Debug|x86.ActiveCfg = Debug|x86
		{F1CD5C97-0F90-4559-8C43-F95530FBE6EA}.Debug|x86.Build.0 = Debug|x86
		{F1CD5C97-0F90-4559-8C43-F95530FBE6EA}.Release|Any CPU.ActiveCfg = Release|x86
		{F1CD5C97-0F90-4559-8C43-F95530FBE6EA}.Release|Any CPU.Build.0 = Release|x86
		{F1CD5C97-0F90-4559-8C43-F95530FBE6EA}.Release|Mixed Platforms.ActiveCfg = Release|x86
		{F1CD5C97-0F90-4559-8C43-F95530FBE6EA}.Release|Mixed Platforms.Build.0 = Release|x86
		{F1CD5C97-0F90-4559-8C43-F95530FBE6EA}.Release|x86.ActiveCfg = Release|x86
		{F1CD5C97-0F90-4559-8C43-F95530FBE6EA}.Release|x86.Build.0 = Release|x86
		{0E413F53-9350-408F-BB88-3FEEB5C11EB0}.Debug|Any CPU.ActiveCfg = Debug|Any CPU
		{0E413F53-9350-408F-BB88-3FEEB5C11EB0}.Debug|Any CPU.Build.0 = Debug|Any CPU
		{0E413F53-9350-408F-BB88-3FEEB5C11EB0}.Debug|Mixed Platforms.ActiveCfg = Debug|Any CPU
		{0E413F53-9350-408F-BB88-3FEEB5C11EB0}.Debug|Mixed Platforms.Build.0 = Debug|Any CPU
		{0E413F53-9350-408F-BB88-3FEEB5C11EB0}.Debug|x86.ActiveCfg = Debug|Any CPU
		{0E413F53-9350-408F-BB88-3FEEB5C11EB0}.Release|Any CPU.ActiveCfg = Release|Any CPU
		{0E413F53-9350-408F-BB88-3FEEB5C11EB0}.Release|Any CPU.Build.0 = Release|Any CPU
		{0E413F53-9350-408F-BB88-3FEEB5C11EB0}.Release|Mixed Platforms.ActiveCfg = Release|Any CPU
		{0E413F53-9350-408F-BB88-3FEEB5C11EB0}.Release|Mixed Platforms.Build.0 = Release|Any CPU
		{0E413F53-9350-408F-BB88-3FEEB5C11EB0}.Release|x86.ActiveCfg = Release|Any CPU
	EndGlobalSection
	GlobalSection(SolutionProperties) = preSolution
		HideSolutionNode = FALSE
	EndGlobalSection
EndGlobal
