
Microsoft Visual Studio Solution File, Format Version 12.00
# Visual Studio 2013
VisualStudioVersion = 12.0.21005.1
MinimumVisualStudioVersion = 10.0.40219.1
Project("{FAE04EC0-301F-11D3-BF4B-00C04F79EFBC}") = "CommandProcessor", "CommandProcessor\CommandProcessor.csproj", "{A87013F1-ED77-46D4-B72B-8CCF0000516C}"
EndProject
Project("{FAE04EC0-301F-11D3-BF4B-00C04F79EFBC}") = "CommandProcessor.Buffer", "CommandProcessor.Buffer\CommandProcessor.Buffer.csproj", "{DA15C0E5-9B1C-42AB-AF66-A16FD78B00AD}"
EndProject
Project("{FAE04EC0-301F-11D3-BF4B-00C04F79EFBC}") = "CommandProcessor.UnitTests", "CommandProcessor.UnitTests\CommandProcessor.UnitTests.csproj", "{E395BEE5-3B4A-4AA7-8E3C-C9011CB6D26D}"
EndProject
Project("{FAE04EC0-301F-11D3-BF4B-00C04F79EFBC}") = "CommandProcessor.Text", "CommandProcessor.Text\CommandProcessor.Text.csproj", "{BE8EB080-BE9F-4BA6-A622-4FB8DB3FBDEE}"
EndProject
Global
	GlobalSection(SolutionConfigurationPlatforms) = preSolution
		Debug|Any CPU = Debug|Any CPU
		Release|Any CPU = Release|Any CPU
	EndGlobalSection
	GlobalSection(ProjectConfigurationPlatforms) = postSolution
		{A87013F1-ED77-46D4-B72B-8CCF0000516C}.Debug|Any CPU.ActiveCfg = Debug|Any CPU
		{A87013F1-ED77-46D4-B72B-8CCF0000516C}.Debug|Any CPU.Build.0 = Debug|Any CPU
		{A87013F1-ED77-46D4-B72B-8CCF0000516C}.Release|Any CPU.ActiveCfg = Release|Any CPU
		{A87013F1-ED77-46D4-B72B-8CCF0000516C}.Release|Any CPU.Build.0 = Release|Any CPU
		{DA15C0E5-9B1C-42AB-AF66-A16FD78B00AD}.Debug|Any CPU.ActiveCfg = Debug|Any CPU
		{DA15C0E5-9B1C-42AB-AF66-A16FD78B00AD}.Debug|Any CPU.Build.0 = Debug|Any CPU
		{DA15C0E5-9B1C-42AB-AF66-A16FD78B00AD}.Release|Any CPU.ActiveCfg = Release|Any CPU
		{DA15C0E5-9B1C-42AB-AF66-A16FD78B00AD}.Release|Any CPU.Build.0 = Release|Any CPU
		{E395BEE5-3B4A-4AA7-8E3C-C9011CB6D26D}.Debug|Any CPU.ActiveCfg = Debug|Any CPU
		{E395BEE5-3B4A-4AA7-8E3C-C9011CB6D26D}.Debug|Any CPU.Build.0 = Debug|Any CPU
		{E395BEE5-3B4A-4AA7-8E3C-C9011CB6D26D}.Release|Any CPU.ActiveCfg = Release|Any CPU
		{E395BEE5-3B4A-4AA7-8E3C-C9011CB6D26D}.Release|Any CPU.Build.0 = Release|Any CPU
		{BE8EB080-BE9F-4BA6-A622-4FB8DB3FBDEE}.Debug|Any CPU.ActiveCfg = Debug|Any CPU
		{BE8EB080-BE9F-4BA6-A622-4FB8DB3FBDEE}.Debug|Any CPU.Build.0 = Debug|Any CPU
		{BE8EB080-BE9F-4BA6-A622-4FB8DB3FBDEE}.Release|Any CPU.ActiveCfg = Release|Any CPU
		{BE8EB080-BE9F-4BA6-A622-4FB8DB3FBDEE}.Release|Any CPU.Build.0 = Release|Any CPU
	EndGlobalSection
	GlobalSection(SolutionProperties) = preSolution
		HideSolutionNode = FALSE
	EndGlobalSection
EndGlobal
